<?xml version="1.0" encoding="utf-8"?>
<Project ToolsVersion="4.0" xmlns="http://schemas.microsoft.com/developer/msbuild/2003">
  <ItemGroup>
    <Filter Include="Source Files">
      <UniqueIdentifier>{4FC737F1-C7A5-4376-A066-2A32D752A2FF}</UniqueIdentifier>
      <Extensions>cpp;c;cc;cxx;def;odl;idl;hpj;bat;asm;asmx</Extensions>
    </Filter>
    <Filter Include="Header Files">
      <UniqueIdentifier>{93995380-89BD-4b04-88EB-625FBE52EBFB}</UniqueIdentifier>
      <Extensions>h;hpp;hxx;hm;inl;inc;xsd</Extensions>
    </Filter>
    <Filter Include="Resource Files">
      <UniqueIdentifier>{67DA6AB6-F800-4c08-8B7A-83BB121AAD01}</UniqueIdentifier>
      <Extensions>rc;ico;cur;bmp;dlg;rc2;rct;bin;rgs;gif;jpg;jpeg;jpe;resx;tiff;tif;png;wav</Extensions>
    </Filter>
  </ItemGroup>
  <ItemGroup>
    <ClInclude Include="..\source\gme\src\Ay_Apu.h">
      <Filter>Header Files</Filter>
    </ClInclude>
    <ClInclude Include="..\source\gme\src\Ay_Core.h">
      <Filter>Header Files</Filter>
    </ClInclude>
    <ClInclude Include="..\source\gme\src\Ay_Emu.h">
      <Filter>Header Files</Filter>
    </ClInclude>
    <ClInclude Include="..\source\gme\src\blargg_common.h">
      <Filter>Header Files</Filter>
    </ClInclude>
    <ClInclude Include="..\source\gme\src\blargg_config.h">
      <Filter>Header Files</Filter>
    </ClInclude>
    <ClInclude Include="..\source\gme\src\blargg_endian.h">
      <Filter>Header Files</Filter>
    </ClInclude>
    <ClInclude Include="..\source\gme\src\blargg_errors.h">
      <Filter>Header Files</Filter>
    </ClInclude>
    <ClInclude Include="..\source\gme\src\blargg_source.h">
      <Filter>Header Files</Filter>
    </ClInclude>
    <ClInclude Include="..\source\gme\src\Blip_Buffer.h">
      <Filter>Header Files</Filter>
    </ClInclude>
    <ClInclude Include="..\source\gme\src\Blip_Buffer_impl.h">
      <Filter>Header Files</Filter>
    </ClInclude>
    <ClInclude Include="..\source\gme\src\Blip_Buffer_impl2.h">
      <Filter>Header Files</Filter>
    </ClInclude>
    <ClInclude Include="..\source\gme\src\Classic_Emu.h">
      <Filter>Header Files</Filter>
    </ClInclude>
    <ClInclude Include="..\source\gme\src\divfix.h">
      <Filter>Header Files</Filter>
    </ClInclude>
    <ClInclude Include="..\source\gme\src\Downsampler.h">
      <Filter>Header Files</Filter>
    </ClInclude>
    <ClInclude Include="..\source\gme\src\Dual_Resampler.h">
      <Filter>Header Files</Filter>
    </ClInclude>
    <ClInclude Include="..\source\gme\src\Effects_Buffer.h">
      <Filter>Header Files</Filter>
    </ClInclude>
    <ClInclude Include="..\source\gme\src\emu2413.h">
      <Filter>Header Files</Filter>
    </ClInclude>
    <ClInclude Include="..\source\gme\src\Fir_Resampler.h">
      <Filter>Header Files</Filter>
    </ClInclude>
    <ClInclude Include="..\source\gme\src\fmopl.h">
      <Filter>Header Files</Filter>
    </ClInclude>
    <ClInclude Include="..\source\gme\src\Gb_Apu.h">
      <Filter>Header Files</Filter>
    </ClInclude>
    <ClInclude Include="..\source\gme\src\Gb_Cpu.h">
      <Filter>Header Files</Filter>
    </ClInclude>
    <ClInclude Include="..\source\gme\src\Gb_Cpu_run.h">
      <Filter>Header Files</Filter>
    </ClInclude>
    <ClInclude Include="..\source\gme\src\Gb_Oscs.h">
      <Filter>Header Files</Filter>
    </ClInclude>
    <ClInclude Include="..\source\gme\src\Gbs_Core.h">
      <Filter>Header Files</Filter>
    </ClInclude>
    <ClInclude Include="..\source\gme\src\Gbs_Emu.h">
      <Filter>Header Files</Filter>
    </ClInclude>
    <ClInclude Include="..\source\gme\src\gme.h">
      <Filter>Header Files</Filter>
    </ClInclude>
    <ClInclude Include="..\source\gme\src\Gme_File.h">
      <Filter>Header Files</Filter>
    </ClInclude>
    <ClInclude Include="..\source\gme\src\Gme_Loader.h">
      <Filter>Header Files</Filter>
    </ClInclude>
    <ClInclude Include="..\source\gme\src\Gym_Emu.h">
      <Filter>Header Files</Filter>
    </ClInclude>
    <ClInclude Include="..\source\gme\src\Hes_Apu.h">
      <Filter>Header Files</Filter>
    </ClInclude>
    <ClInclude Include="..\source\gme\src\Hes_Apu_Adpcm.h">
      <Filter>Header Files</Filter>
    </ClInclude>
    <ClInclude Include="..\source\gme\src\Hes_Core.h">
      <Filter>Header Files</Filter>
    </ClInclude>
    <ClInclude Include="..\source\gme\src\Hes_Cpu.h">
      <Filter>Header Files</Filter>
    </ClInclude>
    <ClInclude Include="..\source\gme\src\Hes_Cpu_run.h">
      <Filter>Header Files</Filter>
    </ClInclude>
    <ClInclude Include="..\source\gme\src\Hes_Emu.h">
      <Filter>Header Files</Filter>
    </ClInclude>
    <ClInclude Include="..\source\gme\src\i_fmpac.h">
      <Filter>Header Files</Filter>
    </ClInclude>
    <ClInclude Include="..\source\gme\src\i_fmunit.h">
      <Filter>Header Files</Filter>
    </ClInclude>
    <ClInclude Include="..\source\gme\src\i_vrc7.h">
      <Filter>Header Files</Filter>
    </ClInclude>
    <ClInclude Include="..\source\gme\src\kmsnddev.h">
      <Filter>Header Files</Filter>
    </ClInclude>
    <ClInclude Include="..\source\gme\src\Kss_Core.h">
      <Filter>Header Files</Filter>
    </ClInclude>
    <ClInclude Include="..\source\gme\src\Kss_Emu.h">
      <Filter>Header Files</Filter>
    </ClInclude>
    <ClInclude Include="..\source\gme\src\Kss_Scc_Apu.h">
      <Filter>Header Files</Filter>
    </ClInclude>
    <ClInclude Include="..\source\gme\src\M3u_Playlist.h">
      <Filter>Header Files</Filter>
    </ClInclude>
    <ClInclude Include="..\source\gme\src\Multi_Buffer.h">
      <Filter>Header Files</Filter>
    </ClInclude>
    <ClInclude Include="..\source\gme\src\Music_Emu.h">
      <Filter>Header Files</Filter>
    </ClInclude>
    <ClInclude Include="..\source\gme\src\Nes_Apu.h">
      <Filter>Header Files</Filter>
    </ClInclude>
    <ClInclude Include="..\source\gme\src\Nes_Cpu.h">
      <Filter>Header Files</Filter>
    </ClInclude>
    <ClInclude Include="..\source\gme\src\Nes_Cpu_run.h">
      <Filter>Header Files</Filter>
    </ClInclude>
    <ClInclude Include="..\source\gme\src\Nes_Fds_Apu.h">
      <Filter>Header Files</Filter>
    </ClInclude>
    <ClInclude Include="..\source\gme\src\Nes_Fme7_Apu.h">
      <Filter>Header Files</Filter>
    </ClInclude>
    <ClInclude Include="..\source\gme\src\Nes_Mmc5_Apu.h">
      <Filter>Header Files</Filter>
    </ClInclude>
    <ClInclude Include="..\source\gme\src\Nes_Namco_Apu.h">
      <Filter>Header Files</Filter>
    </ClInclude>
    <ClInclude Include="..\source\gme\src\Nes_Oscs.h">
      <Filter>Header Files</Filter>
    </ClInclude>
    <ClInclude Include="..\source\gme\src\Nes_Vrc6_Apu.h">
      <Filter>Header Files</Filter>
    </ClInclude>
    <ClInclude Include="..\source\gme\src\Nes_Vrc7_Apu.h">
      <Filter>Header Files</Filter>
    </ClInclude>
    <ClInclude Include="..\source\gme\src\nestypes.h">
      <Filter>Header Files</Filter>
    </ClInclude>
    <ClInclude Include="..\source\gme\src\Nsf_Core.h">
      <Filter>Header Files</Filter>
    </ClInclude>
    <ClInclude Include="..\source\gme\src\Nsf_Emu.h">
      <Filter>Header Files</Filter>
    </ClInclude>
    <ClInclude Include="..\source\gme\src\Nsf_Impl.h">
      <Filter>Header Files</Filter>
    </ClInclude>
    <ClInclude Include="..\source\gme\src\Nsfe_Emu.h">
      <Filter>Header Files</Filter>
    </ClInclude>
    <ClInclude Include="..\source\gme\src\Opl_Apu.h">
      <Filter>Header Files</Filter>
    </ClInclude>
    <ClInclude Include="..\source\gme\src\Resampler.h">
      <Filter>Header Files</Filter>
    </ClInclude>
    <ClInclude Include="..\source\gme\src\Rom_Data.h">
      <Filter>Header Files</Filter>
    </ClInclude>
    <ClInclude Include="..\source\gme\src\s_deltat.h">
      <Filter>Header Files</Filter>
    </ClInclude>
    <ClInclude Include="..\source\gme\src\s_logtbl.h">
      <Filter>Header Files</Filter>
    </ClInclude>
    <ClInclude Include="..\source\gme\src\s_opl.h">
      <Filter>Header Files</Filter>
    </ClInclude>
    <ClInclude Include="..\source\gme\src\s_opltbl.h">
      <Filter>Header Files</Filter>
    </ClInclude>
    <ClInclude Include="..\source\gme\src\Sap_Apu.h">
      <Filter>Header Files</Filter>
    </ClInclude>
    <ClInclude Include="..\source\gme\src\Sap_Core.h">
      <Filter>Header Files</Filter>
    </ClInclude>
    <ClInclude Include="..\source\gme\src\Sap_Emu.h">
      <Filter>Header Files</Filter>
    </ClInclude>
    <ClInclude Include="..\source\gme\src\Sgc_Core.h">
      <Filter>Header Files</Filter>
    </ClInclude>
    <ClInclude Include="..\source\gme\src\Sgc_Emu.h">
      <Filter>Header Files</Filter>
    </ClInclude>
    <ClInclude Include="..\source\gme\src\Sgc_Impl.h">
      <Filter>Header Files</Filter>
    </ClInclude>
    <ClInclude Include="..\source\gme\src\Sms_Apu.h">
      <Filter>Header Files</Filter>
    </ClInclude>
    <ClInclude Include="..\source\gme\src\Sms_Fm_Apu.h">
      <Filter>Header Files</Filter>
    </ClInclude>
    <ClInclude Include="..\source\gme\src\Snes_Spc.h">
      <Filter>Header Files</Filter>
    </ClInclude>
    <ClInclude Include="..\source\gme\src\Spc_Cpu.h">
      <Filter>Header Files</Filter>
    </ClInclude>
    <ClInclude Include="..\source\gme\src\Spc_Dsp.h">
      <Filter>Header Files</Filter>
    </ClInclude>
    <ClInclude Include="..\source\gme\src\Spc_Emu.h">
      <Filter>Header Files</Filter>
    </ClInclude>
    <ClInclude Include="..\source\gme\src\SPC_Filter.h">
      <Filter>Header Files</Filter>
    </ClInclude>
    <ClInclude Include="..\source\gme\src\Track_Filter.h">
      <Filter>Header Files</Filter>
    </ClInclude>
    <ClInclude Include="..\source\gme\src\Upsampler.h">
      <Filter>Header Files</Filter>
    </ClInclude>
    <ClInclude Include="..\source\gme\src\Vgm_Core.h">
      <Filter>Header Files</Filter>
    </ClInclude>
    <ClInclude Include="..\source\gme\src\Vgm_Emu.h">
      <Filter>Header Files</Filter>
    </ClInclude>
    <ClInclude Include="..\source\gme\src\ym2413.h">
      <Filter>Header Files</Filter>
    </ClInclude>
    <ClInclude Include="..\source\gme\src\Ym2413_Emu.h">
      <Filter>Header Files</Filter>
    </ClInclude>
    <ClInclude Include="..\source\gme\src\Ym2612_Emu.h">
      <Filter>Header Files</Filter>
    </ClInclude>
    <ClInclude Include="..\source\gme\src\ymdeltat.h">
      <Filter>Header Files</Filter>
    </ClInclude>
    <ClInclude Include="..\source\gme\src\Z80_Cpu.h">
      <Filter>Header Files</Filter>
    </ClInclude>
    <ClInclude Include="..\source\gme\src\Z80_Cpu_run.h">
      <Filter>Header Files</Filter>
    </ClInclude>
    <ClInclude Include="..\source\gme\src\Data_Reader.h">
      <Filter>Header Files</Filter>
    </ClInclude>
  </ItemGroup>
  <ItemGroup>
    <ClCompile Include="..\source\gme\src\s_deltat.c">
      <Filter>Source Files</Filter>
    </ClCompile>
    <ClCompile Include="..\source\gme\src\s_logtbl.c">
      <Filter>Source Files</Filter>
    </ClCompile>
    <ClCompile Include="..\source\gme\src\s_opl.c">
      <Filter>Source Files</Filter>
    </ClCompile>
    <ClCompile Include="..\source\gme\src\s_opltbl.c">
      <Filter>Source Files</Filter>
    </ClCompile>
    <ClCompile Include="..\source\gme\src\ym2413.c">
      <Filter>Source Files</Filter>
    </ClCompile>
    <ClCompile Include="..\source\gme\src\Ay_Apu.cpp">
      <Filter>Source Files</Filter>
    </ClCompile>
    <ClCompile Include="..\source\gme\src\Ay_Core.cpp">
      <Filter>Source Files</Filter>
    </ClCompile>
    <ClCompile Include="..\source\gme\src\Ay_Cpu.cpp">
      <Filter>Source Files</Filter>
    </ClCompile>
    <ClCompile Include="..\source\gme\src\Ay_Emu.cpp">
      <Filter>Source Files</Filter>
    </ClCompile>
    <ClCompile Include="..\source\gme\src\blargg_common.cpp">
      <Filter>Source Files</Filter>
    </ClCompile>
    <ClCompile Include="..\source\gme\src\blargg_errors.cpp">
      <Filter>Source Files</Filter>
    </ClCompile>
    <ClCompile Include="..\source\gme\src\Blip_Buffer.cpp">
      <Filter>Source Files</Filter>
    </ClCompile>
    <ClCompile Include="..\source\gme\src\Classic_Emu.cpp">
      <Filter>Source Files</Filter>
    </ClCompile>
    <ClCompile Include="..\source\gme\src\Downsampler.cpp">
      <Filter>Source Files</Filter>
    </ClCompile>
    <ClCompile Include="..\source\gme\src\Dual_Resampler.cpp">
      <Filter>Source Files</Filter>
    </ClCompile>
    <ClCompile Include="..\source\gme\src\Effects_Buffer.cpp">
      <Filter>Source Files</Filter>
    </ClCompile>
    <ClCompile Include="..\source\gme\src\emu2413.cpp">
      <Filter>Source Files</Filter>
    </ClCompile>
    <ClCompile Include="..\source\gme\src\Fir_Resampler.cpp">
      <Filter>Source Files</Filter>
    </ClCompile>
    <ClCompile Include="..\source\gme\src\fmopl.cpp">
      <Filter>Source Files</Filter>
    </ClCompile>
    <ClCompile Include="..\source\gme\src\Gb_Apu.cpp">
      <Filter>Source Files</Filter>
    </ClCompile>
    <ClCompile Include="..\source\gme\src\Gb_Cpu.cpp">
      <Filter>Source Files</Filter>
    </ClCompile>
    <ClCompile Include="..\source\gme\src\Gb_Oscs.cpp">
      <Filter>Source Files</Filter>
    </ClCompile>
    <ClCompile Include="..\source\gme\src\Gbs_Core.cpp">
      <Filter>Source Files</Filter>
    </ClCompile>
    <ClCompile Include="..\source\gme\src\Gbs_Cpu.cpp">
      <Filter>Source Files</Filter>
    </ClCompile>
    <ClCompile Include="..\source\gme\src\Gbs_Emu.cpp">
      <Filter>Source Files</Filter>
    </ClCompile>
    <ClCompile Include="..\source\gme\src\gme.cpp">
      <Filter>Source Files</Filter>
    </ClCompile>
    <ClCompile Include="..\source\gme\src\Gme_File.cpp">
      <Filter>Source Files</Filter>
    </ClCompile>
    <ClCompile Include="..\source\gme\src\Gme_Loader.cpp">
      <Filter>Source Files</Filter>
    </ClCompile>
    <ClCompile Include="..\source\gme\src\Gym_Emu.cpp">
      <Filter>Source Files</Filter>
    </ClCompile>
    <ClCompile Include="..\source\gme\src\Hes_Apu.cpp">
      <Filter>Source Files</Filter>
    </ClCompile>
    <ClCompile Include="..\source\gme\src\Hes_Apu_Adpcm.cpp">
      <Filter>Source Files</Filter>
    </ClCompile>
    <ClCompile Include="..\source\gme\src\Hes_Core.cpp">
      <Filter>Source Files</Filter>
    </ClCompile>
    <ClCompile Include="..\source\gme\src\Hes_Cpu.cpp">
      <Filter>Source Files</Filter>
    </ClCompile>
    <ClCompile Include="..\source\gme\src\Hes_Emu.cpp">
      <Filter>Source Files</Filter>
    </ClCompile>
    <ClCompile Include="..\source\gme\src\Kss_Core.cpp">
      <Filter>Source Files</Filter>
    </ClCompile>
    <ClCompile Include="..\source\gme\src\Kss_Cpu.cpp">
      <Filter>Source Files</Filter>
    </ClCompile>
    <ClCompile Include="..\source\gme\src\Kss_Emu.cpp">
      <Filter>Source Files</Filter>
    </ClCompile>
    <ClCompile Include="..\source\gme\src\Kss_Scc_Apu.cpp">
      <Filter>Source Files</Filter>
    </ClCompile>
    <ClCompile Include="..\source\gme\src\M3u_Playlist.cpp">
      <Filter>Source Files</Filter>
    </ClCompile>
    <ClCompile Include="..\source\gme\src\Multi_Buffer.cpp">
      <Filter>Source Files</Filter>
    </ClCompile>
    <ClCompile Include="..\source\gme\src\Music_Emu.cpp">
      <Filter>Source Files</Filter>
    </ClCompile>
    <ClCompile Include="..\source\gme\src\Nes_Apu.cpp">
      <Filter>Source Files</Filter>
    </ClCompile>
    <ClCompile Include="..\source\gme\src\Nes_Cpu.cpp">
      <Filter>Source Files</Filter>
    </ClCompile>
    <ClCompile Include="..\source\gme\src\Nes_Fds_Apu.cpp">
      <Filter>Source Files</Filter>
    </ClCompile>
    <ClCompile Include="..\source\gme\src\Nes_Fme7_Apu.cpp">
      <Filter>Source Files</Filter>
    </ClCompile>
    <ClCompile Include="..\source\gme\src\Nes_Namco_Apu.cpp">
      <Filter>Source Files</Filter>
    </ClCompile>
    <ClCompile Include="..\source\gme\src\Nes_Oscs.cpp">
      <Filter>Source Files</Filter>
    </ClCompile>
    <ClCompile Include="..\source\gme\src\Nes_Vrc6_Apu.cpp">
      <Filter>Source Files</Filter>
    </ClCompile>
    <ClCompile Include="..\source\gme\src\Nes_Vrc7_Apu.cpp">
      <Filter>Source Files</Filter>
    </ClCompile>
    <ClCompile Include="..\source\gme\src\Nsf_Core.cpp">
      <Filter>Source Files</Filter>
    </ClCompile>
    <ClCompile Include="..\source\gme\src\Nsf_Cpu.cpp">
      <Filter>Source Files</Filter>
    </ClCompile>
    <ClCompile Include="..\source\gme\src\Nsf_Emu.cpp">
      <Filter>Source Files</Filter>
    </ClCompile>
    <ClCompile Include="..\source\gme\src\Nsf_Impl.cpp">
      <Filter>Source Files</Filter>
    </ClCompile>
    <ClCompile Include="..\source\gme\src\Nsfe_Emu.cpp">
      <Filter>Source Files</Filter>
    </ClCompile>
    <ClCompile Include="..\source\gme\src\Opl_Apu.cpp">
      <Filter>Source Files</Filter>
    </ClCompile>
    <ClCompile Include="..\source\gme\src\Resampler.cpp">
      <Filter>Source Files</Filter>
    </ClCompile>
    <ClCompile Include="..\source\gme\src\Rom_Data.cpp">
      <Filter>Source Files</Filter>
    </ClCompile>
    <ClCompile Include="..\source\gme\src\Sap_Apu.cpp">
      <Filter>Source Files</Filter>
    </ClCompile>
    <ClCompile Include="..\source\gme\src\Sap_Core.cpp">
      <Filter>Source Files</Filter>
    </ClCompile>
    <ClCompile Include="..\source\gme\src\Sap_Cpu.cpp">
      <Filter>Source Files</Filter>
    </ClCompile>
    <ClCompile Include="..\source\gme\src\Sap_Emu.cpp">
      <Filter>Source Files</Filter>
    </ClCompile>
    <ClCompile Include="..\source\gme\src\Sgc_Core.cpp">
      <Filter>Source Files</Filter>
    </ClCompile>
    <ClCompile Include="..\source\gme\src\Sgc_Cpu.cpp">
      <Filter>Source Files</Filter>
    </ClCompile>
    <ClCompile Include="..\source\gme\src\Sgc_Emu.cpp">
      <Filter>Source Files</Filter>
    </ClCompile>
    <ClCompile Include="..\source\gme\src\Sgc_Impl.cpp">
      <Filter>Source Files</Filter>
    </ClCompile>
    <ClCompile Include="..\source\gme\src\Sms_Apu.cpp">
      <Filter>Source Files</Filter>
    </ClCompile>
    <ClCompile Include="..\source\gme\src\Sms_Fm_Apu.cpp">
      <Filter>Source Files</Filter>
    </ClCompile>
    <ClCompile Include="..\source\gme\src\Snes_Spc.cpp">
      <Filter>Source Files</Filter>
    </ClCompile>
    <ClCompile Include="..\source\gme\src\Spc_Cpu.cpp">
      <Filter>Source Files</Filter>
    </ClCompile>
    <ClCompile Include="..\source\gme\src\Spc_Dsp.cpp">
      <Filter>Source Files</Filter>
    </ClCompile>
    <ClCompile Include="..\source\gme\src\Spc_Emu.cpp">
      <Filter>Source Files</Filter>
    </ClCompile>
    <ClCompile Include="..\source\gme\src\SPC_Filter.cpp">
      <Filter>Source Files</Filter>
    </ClCompile>
    <ClCompile Include="..\source\gme\src\Track_Filter.cpp">
      <Filter>Source Files</Filter>
    </ClCompile>
    <ClCompile Include="..\source\gme\src\Upsampler.cpp">
      <Filter>Source Files</Filter>
    </ClCompile>
    <ClCompile Include="..\source\gme\src\Vgm_Core.cpp">
      <Filter>Source Files</Filter>
    </ClCompile>
    <ClCompile Include="..\source\gme\src\Vgm_Emu.cpp">
      <Filter>Source Files</Filter>
    </ClCompile>
    <ClCompile Include="..\source\gme\src\Ym2413_Emu.cpp">
      <Filter>Source Files</Filter>
    </ClCompile>
    <ClCompile Include="..\source\gme\src\Ym2612_Emu.cpp">
      <Filter>Source Files</Filter>
    </ClCompile>
    <ClCompile Include="..\source\gme\src\ymdeltat.cpp">
      <Filter>Source Files</Filter>
    </ClCompile>
    <ClCompile Include="..\source\gme\src\Z80_Cpu.cpp">
      <Filter>Source Files</Filter>
    </ClCompile>
    <ClCompile Include="..\source\gme\src\Data_Reader.cpp">
      <Filter>Source Files</Filter>
    </ClCompile>
  </ItemGroup>
</Project>