<?xml version="1.0" encoding="utf-8"?>
<Project ToolsVersion="4.0" xmlns="http://schemas.microsoft.com/developer/msbuild/2003">
  <ItemGroup>
    <Filter Include="Source Files">
      <UniqueIdentifier>{fd08ca9a-7334-411b-a38e-9f0d199f40a6}</UniqueIdentifier>
      <Extensions>cpp;c;cxx;rc;def;r;odl;idl;hpj;bat</Extensions>
    </Filter>
    <Filter Include="Header Files">
      <UniqueIdentifier>{34ecceae-18d4-44c1-8adf-07069e7e7715}</UniqueIdentifier>
      <Extensions>h;hpp;hxx;hm;inl</Extensions>
    </Filter>
  </ItemGroup>
  <ItemGroup>
    <ClCompile Include="..\utils\common\cmdlib.cpp">
      <Filter>Source Files</Filter>
    </ClCompile>
    <ClCompile Include="..\utils\glvis\flow.cpp">
      <Filter>Source Files</Filter>
    </ClCompile>
    <ClCompile Include="..\utils\glvis\level.cpp">
      <Filter>Source Files</Filter>
    </ClCompile>
    <ClCompile Include="..\utils\common\wadlib.cpp">
      <Filter>Source Files</Filter>
    </ClCompile>
  </ItemGroup>
  <ItemGroup>
    <ClInclude Include="..\utils\common\cmdlib.h">
      <Filter>Header Files</Filter>
    </ClInclude>
    <ClInclude Include="..\utils\common\fmapdefs.h">
      <Filter>Header Files</Filter>
    </ClInclude>
    <ClInclude Include="..\utils\common\fwaddefs.h">
      <Filter>Header Files</Filter>
    </ClInclude>
    <ClInclude Include="..\utils\glvis\glvis.h">
      <Filter>Header Files</Filter>
    </ClInclude>
    <ClInclude Include="..\utils\glvis\glvisint.h">
      <Filter>Header Files</Filter>
    </ClInclude>
    <ClInclude Include="..\utils\glvis\vector.h">
      <Filter>Header Files</Filter>
    </ClInclude>
    <ClInclude Include="..\utils\common\wadlib.h">
      <Filter>Header Files</Filter>
    </ClInclude>
  </ItemGroup>
</Project>