<?xml version="1.0" encoding="utf-8"?>
<Project ToolsVersion="4.0" xmlns="http://schemas.microsoft.com/developer/msbuild/2003">
  <ItemGroup>
    <Filter Include="Source Files">
      <UniqueIdentifier>{a5510e00-83b9-485e-aef1-3ea6154e48c2}</UniqueIdentifier>
      <Extensions>cpp;c;cxx;rc;def;r;odl;idl;hpj;bat</Extensions>
    </Filter>
    <Filter Include="Header Files">
      <UniqueIdentifier>{c6919223-e601-4e71-9497-c12938763cad}</UniqueIdentifier>
      <Extensions>h;hpp;hxx;hm;inl</Extensions>
    </Filter>
  </ItemGroup>
  <ItemGroup>
    <ClCompile Include="..\utils\glbsp\analyze.c">
      <Filter>Source Files</Filter>
    </ClCompile>
    <ClCompile Include="..\utils\glbsp\blockmap.c">
      <Filter>Source Files</Filter>
    </ClCompile>
    <ClCompile Include="..\utils\glbsp\glbsp.c">
      <Filter>Source Files</Filter>
    </ClCompile>
    <ClCompile Include="..\utils\glbsp\level.c">
      <Filter>Source Files</Filter>
    </ClCompile>
    <ClCompile Include="..\utils\glbsp\node.c">
      <Filter>Source Files</Filter>
    </ClCompile>
    <ClCompile Include="..\utils\glbsp\reject.c">
      <Filter>Source Files</Filter>
    </ClCompile>
    <ClCompile Include="..\utils\glbsp\seg.c">
      <Filter>Source Files</Filter>
    </ClCompile>
    <ClCompile Include="..\utils\glbsp\system.c">
      <Filter>Source Files</Filter>
    </ClCompile>
    <ClCompile Include="..\utils\glbsp\util.c">
      <Filter>Source Files</Filter>
    </ClCompile>
    <ClCompile Include="..\utils\glbsp\wad.c">
      <Filter>Source Files</Filter>
    </ClCompile>
  </ItemGroup>
  <ItemGroup>
    <ClInclude Include="..\utils\glbsp\analyze.h">
      <Filter>Header Files</Filter>
    </ClInclude>
    <ClInclude Include="..\utils\glbsp\blockmap.h">
      <Filter>Header Files</Filter>
    </ClInclude>
    <ClInclude Include="..\utils\glbsp\glbsp.h">
      <Filter>Header Files</Filter>
    </ClInclude>
    <ClInclude Include="..\utils\glbsp\level.h">
      <Filter>Header Files</Filter>
    </ClInclude>
    <ClInclude Include="..\utils\glbsp\node.h">
      <Filter>Header Files</Filter>
    </ClInclude>
    <ClInclude Include="..\utils\glbsp\reject.h">
      <Filter>Header Files</Filter>
    </ClInclude>
    <ClInclude Include="..\utils\glbsp\seg.h">
      <Filter>Header Files</Filter>
    </ClInclude>
    <ClInclude Include="..\utils\glbsp\structs.h">
      <Filter>Header Files</Filter>
    </ClInclude>
    <ClInclude Include="..\utils\glbsp\system.h">
      <Filter>Header Files</Filter>
    </ClInclude>
    <ClInclude Include="..\utils\glbsp\util.h">
      <Filter>Header Files</Filter>
    </ClInclude>
    <ClInclude Include="..\utils\glbsp\wad.h">
      <Filter>Header Files</Filter>
    </ClInclude>
  </ItemGroup>
</Project>