
Microsoft Visual Studio Solution File, Format Version 10.00
# Visual Studio 2008
Project("{8BC9CEB8-8B4A-11D0-8D11-00A0C91BC942}") = "vavoom", "vavoom.vcproj", "{D4D2D73F-1D39-4832-8FBC-FE49CF3F0833}"
	ProjectSection(ProjectDependencies) = postProject
		{0292D20B-0826-40E7-B713-A9B512505155} = {0292D20B-0826-40E7-B713-A9B512505155}
		{3DC4FB0F-24B7-4051-9FAA-B2215CF73554} = {3DC4FB0F-24B7-4051-9FAA-B2215CF73554}
		{D509CF19-F957-4F58-8F05-3AA6AA520B2F} = {D509CF19-F957-4F58-8F05-3AA6AA520B2F}
		{142A5D48-ED8D-4C77-A7C2-A983375D4A9B} = {142A5D48-ED8D-4C77-A7C2-A983375D4A9B}
		{A5E43684-5BC7-4DEE-965B-F2E20C360793} = {A5E43684-5BC7-4DEE-965B-F2E20C360793}
		{6077B7D6-349F-4077-B552-3BC302EF5859} = {6077B7D6-349F-4077-B552-3BC302EF5859}
	EndProjectSection
EndProject
Project("{8BC9CEB8-8B4A-11D0-8D11-00A0C91BC942}") = "libglbsp", "libglbsp.vcproj", "{3DC4FB0F-24B7-4051-9FAA-B2215CF73554}"
EndProject
Project("{8BC9CEB8-8B4A-11D0-8D11-00A0C91BC942}") = "libglvis", "libglvis.vcproj", "{0292D20B-0826-40E7-B713-A9B512505155}"
	ProjectSection(ProjectDependencies) = postProject
		{D509CF19-F957-4F58-8F05-3AA6AA520B2F} = {D509CF19-F957-4F58-8F05-3AA6AA520B2F}
	EndProjectSection
EndProject
Project("{8BC9CEB8-8B4A-11D0-8D11-00A0C91BC942}") = "timidity", "timidity.vcproj", "{A5E43684-5BC7-4DEE-965B-F2E20C360793}"
EndProject
Project("{8BC9CEB8-8B4A-11D0-8D11-00A0C91BC942}") = "vcc", "vcc.vcproj", "{2DB17B76-8B9F-4F30-A5FA-DC3FBC2E6768}"
	ProjectSection(ProjectDependencies) = postProject
		{D509CF19-F957-4F58-8F05-3AA6AA520B2F} = {D509CF19-F957-4F58-8F05-3AA6AA520B2F}
	EndProjectSection
EndProject
Project("{8BC9CEB8-8B4A-11D0-8D11-00A0C91BC942}") = "vlumpy", "vlumpy.vcproj", "{F65AC2B2-1632-4584-BDA1-DAC149FC9BDD}"
	ProjectSection(ProjectDependencies) = postProject
		{D509CF19-F957-4F58-8F05-3AA6AA520B2F} = {D509CF19-F957-4F58-8F05-3AA6AA520B2F}
	EndProjectSection
EndProject
Project("{8BC9CEB8-8B4A-11D0-8D11-00A0C91BC942}") = "acc", "acc.vcproj", "{023239F2-F1D1-43FB-9B2C-604727C13BC5}"
EndProject
Project("{8BC9CEB8-8B4A-11D0-8D11-00A0C91BC942}") = "vavoom-master", "vavoom-master.vcproj", "{6CE404BD-51D1-4DA4-BE5F-827226C6A1CD}"
	ProjectSection(ProjectDependencies) = postProject
		{D509CF19-F957-4F58-8F05-3AA6AA520B2F} = {D509CF19-F957-4F58-8F05-3AA6AA520B2F}
		{6077B7D6-349F-4077-B552-3BC302EF5859} = {6077B7D6-349F-4077-B552-3BC302EF5859}
	EndProjectSection
EndProject
Project("{8BC9CEB8-8B4A-11D0-8D11-00A0C91BC942}") = "glvis", "glvis.vcproj", "{F424FB4F-2341-4CA6-A13F-71E4A8C696DC}"
	ProjectSection(ProjectDependencies) = postProject
		{0292D20B-0826-40E7-B713-A9B512505155} = {0292D20B-0826-40E7-B713-A9B512505155}
		{D509CF19-F957-4F58-8F05-3AA6AA520B2F} = {D509CF19-F957-4F58-8F05-3AA6AA520B2F}
	EndProjectSection
EndProject
Project("{8BC9CEB8-8B4A-11D0-8D11-00A0C91BC942}") = "fixmd2", "fixmd2.vcproj", "{EF16EEF7-10E7-4A02-866F-1F2F21237DA7}"
	ProjectSection(ProjectDependencies) = postProject
		{D509CF19-F957-4F58-8F05-3AA6AA520B2F} = {D509CF19-F957-4F58-8F05-3AA6AA520B2F}
	EndProjectSection
EndProject
Project("{8BC9CEB8-8B4A-11D0-8D11-00A0C91BC942}") = "updaterevision", "..\utils\updaterevision\updaterevision.vcproj", "{6077B7D6-349F-4077-B552-3BC302EF5859}"
EndProject
Project("{8BC9CEB8-8B4A-11D0-8D11-00A0C91BC942}") = "basepak_common", "basepak_common.vcproj", "{EE79378F-9689-40B8-99F4-B0E5872A6337}"
	ProjectSection(ProjectDependencies) = postProject
		{F65AC2B2-1632-4584-BDA1-DAC149FC9BDD} = {F65AC2B2-1632-4584-BDA1-DAC149FC9BDD}
	EndProjectSection
EndProject
Project("{8BC9CEB8-8B4A-11D0-8D11-00A0C91BC942}") = "basepak_doom", "basepak_doom.vcproj", "{607F2422-5660-4D06-B604-C975A30E5CD5}"
	ProjectSection(ProjectDependencies) = postProject
		{F65AC2B2-1632-4584-BDA1-DAC149FC9BDD} = {F65AC2B2-1632-4584-BDA1-DAC149FC9BDD}
	EndProjectSection
EndProject
Project("{8BC9CEB8-8B4A-11D0-8D11-00A0C91BC942}") = "basepak_doom2", "basepak_doom2.vcproj", "{DC9BBFA1-6B89-44AA-ADDE-DBBBF3B2E533}"
	ProjectSection(ProjectDependencies) = postProject
		{F65AC2B2-1632-4584-BDA1-DAC149FC9BDD} = {F65AC2B2-1632-4584-BDA1-DAC149FC9BDD}
	EndProjectSection
EndProject
Project("{8BC9CEB8-8B4A-11D0-8D11-00A0C91BC942}") = "basepak_heretic", "basepak_heretic.vcproj", "{AEDD4819-EE4F-4A94-9776-10C430A9D291}"
	ProjectSection(ProjectDependencies) = postProject
		{F65AC2B2-1632-4584-BDA1-DAC149FC9BDD} = {F65AC2B2-1632-4584-BDA1-DAC149FC9BDD}
	EndProjectSection
EndProject
Project("{8BC9CEB8-8B4A-11D0-8D11-00A0C91BC942}") = "basepak_hexen", "basepak_hexen.vcproj", "{DD00F5CF-9520-44D2-BDC4-45130B5024FA}"
	ProjectSection(ProjectDependencies) = postProject
		{F65AC2B2-1632-4584-BDA1-DAC149FC9BDD} = {F65AC2B2-1632-4584-BDA1-DAC149FC9BDD}
	EndProjectSection
EndProject
Project("{8BC9CEB8-8B4A-11D0-8D11-00A0C91BC942}") = "basepak_strife", "basepak_strife.vcproj", "{1CD88557-1039-4B0C-9DF6-AB181E799536}"
	ProjectSection(ProjectDependencies) = postProject
		{F65AC2B2-1632-4584-BDA1-DAC149FC9BDD} = {F65AC2B2-1632-4584-BDA1-DAC149FC9BDD}
	EndProjectSection
EndProject
Project("{8BC9CEB8-8B4A-11D0-8D11-00A0C91BC942}") = "basepak_plutonia", "basepak_plutonia.vcproj", "{FC5A8ED8-3CE2-4FB7-B7A8-8D9DF929524A}"
	ProjectSection(ProjectDependencies) = postProject
		{F65AC2B2-1632-4584-BDA1-DAC149FC9BDD} = {F65AC2B2-1632-4584-BDA1-DAC149FC9BDD}
	EndProjectSection
EndProject
Project("{8BC9CEB8-8B4A-11D0-8D11-00A0C91BC942}") = "basepak_tnt", "basepak_tnt.vcproj", "{9DE9595D-4094-49EF-BC0B-851CE1ECCA5C}"
	ProjectSection(ProjectDependencies) = postProject
		{F65AC2B2-1632-4584-BDA1-DAC149FC9BDD} = {F65AC2B2-1632-4584-BDA1-DAC149FC9BDD}
	EndProjectSection
EndProject
Project("{8BC9CEB8-8B4A-11D0-8D11-00A0C91BC942}") = "basepak_doom1", "basepak_doom1.vcproj", "{8BF28A9B-EB60-4C1F-84B2-D133718C21A4}"
	ProjectSection(ProjectDependencies) = postProject
		{F65AC2B2-1632-4584-BDA1-DAC149FC9BDD} = {F65AC2B2-1632-4584-BDA1-DAC149FC9BDD}
	EndProjectSection
EndProject
Project("{8BC9CEB8-8B4A-11D0-8D11-00A0C91BC942}") = "core", "core.vcproj", "{D509CF19-F957-4F58-8F05-3AA6AA520B2F}"
EndProject
Project("{8BC9CEB8-8B4A-11D0-8D11-00A0C91BC942}") = "gme", "gme.vcproj", "{142A5D48-ED8D-4C77-A7C2-A983375D4A9B}"
EndProject
Global
	GlobalSection(SolutionConfigurationPlatforms) = preSolution
		Debug|Win32 = Debug|Win32
		Debug|x64 = Debug|x64
		Release|Win32 = Release|Win32
		Release|x64 = Release|x64
	EndGlobalSection
	GlobalSection(ProjectConfigurationPlatforms) = postSolution
		{D4D2D73F-1D39-4832-8FBC-FE49CF3F0833}.Debug|Win32.ActiveCfg = Debug|Win32
		{D4D2D73F-1D39-4832-8FBC-FE49CF3F0833}.Debug|Win32.Build.0 = Debug|Win32
		{D4D2D73F-1D39-4832-8FBC-FE49CF3F0833}.Debug|x64.ActiveCfg = Debug|Win32
		{D4D2D73F-1D39-4832-8FBC-FE49CF3F0833}.Release|Win32.ActiveCfg = Release|Win32
		{D4D2D73F-1D39-4832-8FBC-FE49CF3F0833}.Release|Win32.Build.0 = Release|Win32
		{D4D2D73F-1D39-4832-8FBC-FE49CF3F0833}.Release|x64.ActiveCfg = Release|Win32
		{3DC4FB0F-24B7-4051-9FAA-B2215CF73554}.Debug|Win32.ActiveCfg = Debug|Win32
		{3DC4FB0F-24B7-4051-9FAA-B2215CF73554}.Debug|Win32.Build.0 = Debug|Win32
		{3DC4FB0F-24B7-4051-9FAA-B2215CF73554}.Debug|x64.ActiveCfg = Debug|Win32
		{3DC4FB0F-24B7-4051-9FAA-B2215CF73554}.Release|Win32.ActiveCfg = Release|Win32
		{3DC4FB0F-24B7-4051-9FAA-B2215CF73554}.Release|Win32.Build.0 = Release|Win32
		{3DC4FB0F-24B7-4051-9FAA-B2215CF73554}.Release|x64.ActiveCfg = Release|Win32
		{0292D20B-0826-40E7-B713-A9B512505155}.Debug|Win32.ActiveCfg = Debug|Win32
		{0292D20B-0826-40E7-B713-A9B512505155}.Debug|Win32.Build.0 = Debug|Win32
		{0292D20B-0826-40E7-B713-A9B512505155}.Debug|x64.ActiveCfg = Debug|Win32
		{0292D20B-0826-40E7-B713-A9B512505155}.Release|Win32.ActiveCfg = Release|Win32
		{0292D20B-0826-40E7-B713-A9B512505155}.Release|Win32.Build.0 = Release|Win32
		{0292D20B-0826-40E7-B713-A9B512505155}.Release|x64.ActiveCfg = Release|Win32
		{A5E43684-5BC7-4DEE-965B-F2E20C360793}.Debug|Win32.ActiveCfg = Debug|Win32
		{A5E43684-5BC7-4DEE-965B-F2E20C360793}.Debug|Win32.Build.0 = Debug|Win32
		{A5E43684-5BC7-4DEE-965B-F2E20C360793}.Debug|x64.ActiveCfg = Debug|Win32
		{A5E43684-5BC7-4DEE-965B-F2E20C360793}.Release|Win32.ActiveCfg = Release|Win32
		{A5E43684-5BC7-4DEE-965B-F2E20C360793}.Release|Win32.Build.0 = Release|Win32
		{A5E43684-5BC7-4DEE-965B-F2E20C360793}.Release|x64.ActiveCfg = Release|Win32
		{2DB17B76-8B9F-4F30-A5FA-DC3FBC2E6768}.Debug|Win32.ActiveCfg = Debug|Win32
		{2DB17B76-8B9F-4F30-A5FA-DC3FBC2E6768}.Debug|Win32.Build.0 = Debug|Win32
		{2DB17B76-8B9F-4F30-A5FA-DC3FBC2E6768}.Debug|x64.ActiveCfg = Debug|Win32
		{2DB17B76-8B9F-4F30-A5FA-DC3FBC2E6768}.Release|Win32.ActiveCfg = Release|Win32
		{2DB17B76-8B9F-4F30-A5FA-DC3FBC2E6768}.Release|Win32.Build.0 = Release|Win32
		{2DB17B76-8B9F-4F30-A5FA-DC3FBC2E6768}.Release|x64.ActiveCfg = Release|Win32
		{F65AC2B2-1632-4584-BDA1-DAC149FC9BDD}.Debug|Win32.ActiveCfg = Debug|Win32
		{F65AC2B2-1632-4584-BDA1-DAC149FC9BDD}.Debug|Win32.Build.0 = Debug|Win32
		{F65AC2B2-1632-4584-BDA1-DAC149FC9BDD}.Debug|x64.ActiveCfg = Debug|Win32
		{F65AC2B2-1632-4584-BDA1-DAC149FC9BDD}.Release|Win32.ActiveCfg = Release|Win32
		{F65AC2B2-1632-4584-BDA1-DAC149FC9BDD}.Release|Win32.Build.0 = Release|Win32
		{F65AC2B2-1632-4584-BDA1-DAC149FC9BDD}.Release|x64.ActiveCfg = Release|Win32
		{023239F2-F1D1-43FB-9B2C-604727C13BC5}.Debug|Win32.ActiveCfg = Debug|Win32
		{023239F2-F1D1-43FB-9B2C-604727C13BC5}.Debug|Win32.Build.0 = Debug|Win32
		{023239F2-F1D1-43FB-9B2C-604727C13BC5}.Debug|x64.ActiveCfg = Debug|Win32
		{023239F2-F1D1-43FB-9B2C-604727C13BC5}.Release|Win32.ActiveCfg = Release|Win32
		{023239F2-F1D1-43FB-9B2C-604727C13BC5}.Release|Win32.Build.0 = Release|Win32
		{023239F2-F1D1-43FB-9B2C-604727C13BC5}.Release|x64.ActiveCfg = Release|Win32
		{6CE404BD-51D1-4DA4-BE5F-827226C6A1CD}.Debug|Win32.ActiveCfg = Debug|Win32
		{6CE404BD-51D1-4DA4-BE5F-827226C6A1CD}.Debug|Win32.Build.0 = Debug|Win32
		{6CE404BD-51D1-4DA4-BE5F-827226C6A1CD}.Debug|x64.ActiveCfg = Debug|Win32
		{6CE404BD-51D1-4DA4-BE5F-827226C6A1CD}.Release|Win32.ActiveCfg = Release|Win32
		{6CE404BD-51D1-4DA4-BE5F-827226C6A1CD}.Release|Win32.Build.0 = Release|Win32
		{6CE404BD-51D1-4DA4-BE5F-827226C6A1CD}.Release|x64.ActiveCfg = Release|Win32
		{F424FB4F-2341-4CA6-A13F-71E4A8C696DC}.Debug|Win32.ActiveCfg = Debug|Win32
		{F424FB4F-2341-4CA6-A13F-71E4A8C696DC}.Debug|Win32.Build.0 = Debug|Win32
		{F424FB4F-2341-4CA6-A13F-71E4A8C696DC}.Debug|x64.ActiveCfg = Debug|Win32
		{F424FB4F-2341-4CA6-A13F-71E4A8C696DC}.Release|Win32.ActiveCfg = Release|Win32
		{F424FB4F-2341-4CA6-A13F-71E4A8C696DC}.Release|Win32.Build.0 = Release|Win32
		{F424FB4F-2341-4CA6-A13F-71E4A8C696DC}.Release|x64.ActiveCfg = Release|Win32
		{EF16EEF7-10E7-4A02-866F-1F2F21237DA7}.Debug|Win32.ActiveCfg = Debug|Win32
		{EF16EEF7-10E7-4A02-866F-1F2F21237DA7}.Debug|Win32.Build.0 = Debug|Win32
		{EF16EEF7-10E7-4A02-866F-1F2F21237DA7}.Debug|x64.ActiveCfg = Debug|Win32
		{EF16EEF7-10E7-4A02-866F-1F2F21237DA7}.Release|Win32.ActiveCfg = Release|Win32
		{EF16EEF7-10E7-4A02-866F-1F2F21237DA7}.Release|Win32.Build.0 = Release|Win32
		{EF16EEF7-10E7-4A02-866F-1F2F21237DA7}.Release|x64.ActiveCfg = Release|Win32
		{6077B7D6-349F-4077-B552-3BC302EF5859}.Debug|Win32.ActiveCfg = Debug|Win32
		{6077B7D6-349F-4077-B552-3BC302EF5859}.Debug|Win32.Build.0 = Debug|Win32
		{6077B7D6-349F-4077-B552-3BC302EF5859}.Debug|x64.ActiveCfg = Debug|x64
		{6077B7D6-349F-4077-B552-3BC302EF5859}.Debug|x64.Build.0 = Debug|x64
		{6077B7D6-349F-4077-B552-3BC302EF5859}.Release|Win32.ActiveCfg = Release|Win32
		{6077B7D6-349F-4077-B552-3BC302EF5859}.Release|Win32.Build.0 = Release|Win32
		{6077B7D6-349F-4077-B552-3BC302EF5859}.Release|x64.ActiveCfg = Release|x64
		{6077B7D6-349F-4077-B552-3BC302EF5859}.Release|x64.Build.0 = Release|x64
		{EE79378F-9689-40B8-99F4-B0E5872A6337}.Debug|Win32.ActiveCfg = Debug|Win32
		{EE79378F-9689-40B8-99F4-B0E5872A6337}.Debug|Win32.Build.0 = Debug|Win32
		{EE79378F-9689-40B8-99F4-B0E5872A6337}.Debug|x64.ActiveCfg = Debug|Win32
		{EE79378F-9689-40B8-99F4-B0E5872A6337}.Release|Win32.ActiveCfg = Release|Win32
		{EE79378F-9689-40B8-99F4-B0E5872A6337}.Release|Win32.Build.0 = Release|Win32
		{EE79378F-9689-40B8-99F4-B0E5872A6337}.Release|x64.ActiveCfg = Release|Win32
		{607F2422-5660-4D06-B604-C975A30E5CD5}.Debug|Win32.ActiveCfg = Debug|Win32
		{607F2422-5660-4D06-B604-C975A30E5CD5}.Debug|Win32.Build.0 = Debug|Win32
		{607F2422-5660-4D06-B604-C975A30E5CD5}.Debug|x64.ActiveCfg = Debug|Win32
		{607F2422-5660-4D06-B604-C975A30E5CD5}.Release|Win32.ActiveCfg = Release|Win32
		{607F2422-5660-4D06-B604-C975A30E5CD5}.Release|Win32.Build.0 = Release|Win32
		{607F2422-5660-4D06-B604-C975A30E5CD5}.Release|x64.ActiveCfg = Release|Win32
		{DC9BBFA1-6B89-44AA-ADDE-DBBBF3B2E533}.Debug|Win32.ActiveCfg = Debug|Win32
		{DC9BBFA1-6B89-44AA-ADDE-DBBBF3B2E533}.Debug|Win32.Build.0 = Debug|Win32
		{DC9BBFA1-6B89-44AA-ADDE-DBBBF3B2E533}.Debug|x64.ActiveCfg = Debug|Win32
		{DC9BBFA1-6B89-44AA-ADDE-DBBBF3B2E533}.Release|Win32.ActiveCfg = Release|Win32
		{DC9BBFA1-6B89-44AA-ADDE-DBBBF3B2E533}.Release|Win32.Build.0 = Release|Win32
		{DC9BBFA1-6B89-44AA-ADDE-DBBBF3B2E533}.Release|x64.ActiveCfg = Release|Win32
		{AEDD4819-EE4F-4A94-9776-10C430A9D291}.Debug|Win32.ActiveCfg = Debug|Win32
		{AEDD4819-EE4F-4A94-9776-10C430A9D291}.Debug|Win32.Build.0 = Debug|Win32
		{AEDD4819-EE4F-4A94-9776-10C430A9D291}.Debug|x64.ActiveCfg = Debug|Win32
		{AEDD4819-EE4F-4A94-9776-10C430A9D291}.Release|Win32.ActiveCfg = Release|Win32
		{AEDD4819-EE4F-4A94-9776-10C430A9D291}.Release|Win32.Build.0 = Release|Win32
		{AEDD4819-EE4F-4A94-9776-10C430A9D291}.Release|x64.ActiveCfg = Release|Win32
		{DD00F5CF-9520-44D2-BDC4-45130B5024FA}.Debug|Win32.ActiveCfg = Debug|Win32
		{DD00F5CF-9520-44D2-BDC4-45130B5024FA}.Debug|Win32.Build.0 = Debug|Win32
		{DD00F5CF-9520-44D2-BDC4-45130B5024FA}.Debug|x64.ActiveCfg = Debug|Win32
		{DD00F5CF-9520-44D2-BDC4-45130B5024FA}.Release|Win32.ActiveCfg = Release|Win32
		{DD00F5CF-9520-44D2-BDC4-45130B5024FA}.Release|Win32.Build.0 = Release|Win32
		{DD00F5CF-9520-44D2-BDC4-45130B5024FA}.Release|x64.ActiveCfg = Release|Win32
		{1CD88557-1039-4B0C-9DF6-AB181E799536}.Debug|Win32.ActiveCfg = Debug|Win32
		{1CD88557-1039-4B0C-9DF6-AB181E799536}.Debug|Win32.Build.0 = Debug|Win32
		{1CD88557-1039-4B0C-9DF6-AB181E799536}.Debug|x64.ActiveCfg = Debug|Win32
		{1CD88557-1039-4B0C-9DF6-AB181E799536}.Release|Win32.ActiveCfg = Release|Win32
		{1CD88557-1039-4B0C-9DF6-AB181E799536}.Release|Win32.Build.0 = Release|Win32
		{1CD88557-1039-4B0C-9DF6-AB181E799536}.Release|x64.ActiveCfg = Release|Win32
		{FC5A8ED8-3CE2-4FB7-B7A8-8D9DF929524A}.Debug|Win32.ActiveCfg = Debug|Win32
		{FC5A8ED8-3CE2-4FB7-B7A8-8D9DF929524A}.Debug|Win32.Build.0 = Debug|Win32
		{FC5A8ED8-3CE2-4FB7-B7A8-8D9DF929524A}.Debug|x64.ActiveCfg = Debug|Win32
		{FC5A8ED8-3CE2-4FB7-B7A8-8D9DF929524A}.Release|Win32.ActiveCfg = Release|Win32
		{FC5A8ED8-3CE2-4FB7-B7A8-8D9DF929524A}.Release|Win32.Build.0 = Release|Win32
		{FC5A8ED8-3CE2-4FB7-B7A8-8D9DF929524A}.Release|x64.ActiveCfg = Release|Win32
		{9DE9595D-4094-49EF-BC0B-851CE1ECCA5C}.Debug|Win32.ActiveCfg = Debug|Win32
		{9DE9595D-4094-49EF-BC0B-851CE1ECCA5C}.Debug|Win32.Build.0 = Debug|Win32
		{9DE9595D-4094-49EF-BC0B-851CE1ECCA5C}.Debug|x64.ActiveCfg = Debug|Win32
		{9DE9595D-4094-49EF-BC0B-851CE1ECCA5C}.Release|Win32.ActiveCfg = Release|Win32
		{9DE9595D-4094-49EF-BC0B-851CE1ECCA5C}.Release|Win32.Build.0 = Release|Win32
		{9DE9595D-4094-49EF-BC0B-851CE1ECCA5C}.Release|x64.ActiveCfg = Release|Win32
		{8BF28A9B-EB60-4C1F-84B2-D133718C21A4}.Debug|Win32.ActiveCfg = Debug|Win32
		{8BF28A9B-EB60-4C1F-84B2-D133718C21A4}.Debug|Win32.Build.0 = Debug|Win32
		{8BF28A9B-EB60-4C1F-84B2-D133718C21A4}.Debug|x64.ActiveCfg = Debug|Win32
		{8BF28A9B-EB60-4C1F-84B2-D133718C21A4}.Release|Win32.ActiveCfg = Release|Win32
		{8BF28A9B-EB60-4C1F-84B2-D133718C21A4}.Release|Win32.Build.0 = Release|Win32
		{8BF28A9B-EB60-4C1F-84B2-D133718C21A4}.Release|x64.ActiveCfg = Release|Win32
		{D509CF19-F957-4F58-8F05-3AA6AA520B2F}.Debug|Win32.ActiveCfg = Debug|Win32
		{D509CF19-F957-4F58-8F05-3AA6AA520B2F}.Debug|Win32.Build.0 = Debug|Win32
		{D509CF19-F957-4F58-8F05-3AA6AA520B2F}.Debug|x64.ActiveCfg = Debug|Win32
		{D509CF19-F957-4F58-8F05-3AA6AA520B2F}.Release|Win32.ActiveCfg = Release|Win32
		{D509CF19-F957-4F58-8F05-3AA6AA520B2F}.Release|Win32.Build.0 = Release|Win32
		{D509CF19-F957-4F58-8F05-3AA6AA520B2F}.Release|x64.ActiveCfg = Release|Win32
		{142A5D48-ED8D-4C77-A7C2-A983375D4A9B}.Debug|Win32.ActiveCfg = Debug|Win32
		{142A5D48-ED8D-4C77-A7C2-A983375D4A9B}.Debug|Win32.Build.0 = Debug|Win32
		{142A5D48-ED8D-4C77-A7C2-A983375D4A9B}.Debug|x64.ActiveCfg = Debug|Win32
		{142A5D48-ED8D-4C77-A7C2-A983375D4A9B}.Release|Win32.ActiveCfg = Release|Win32
		{142A5D48-ED8D-4C77-A7C2-A983375D4A9B}.Release|Win32.Build.0 = Release|Win32
		{142A5D48-ED8D-4C77-A7C2-A983375D4A9B}.Release|x64.ActiveCfg = Release|Win32
	EndGlobalSection
	GlobalSection(SolutionProperties) = preSolution
		HideSolutionNode = FALSE
	EndGlobalSection
EndGlobal
