
Microsoft Visual Studio Solution File, Format Version 10.00
# Visual Studio 2008
Project("{8BC9CEB8-8B4A-11D0-8D11-00A0C91BC942}") = "vavoom", "vavoom.vcproj", "{D4D2D73F-1D39-4832-8FBC-FE49CF3F0833}"
	ProjectSection(ProjectDependencies) = postProject
		{0292D20B-0826-40E7-B713-A9B512505155} = {0292D20B-0826-40E7-B713-A9B512505155}
		{3DC4FB0F-24B7-4051-9FAA-B2215CF73554} = {3DC4FB0F-24B7-4051-9FAA-B2215CF73554}
		{A5E43684-5BC7-4DEE-965B-F2E20C360793} = {A5E43684-5BC7-4DEE-965B-F2E20C360793}
	EndProjectSection
EndProject
Project("{8BC9CEB8-8B4A-11D0-8D11-00A0C91BC942}") = "libglbsp", "libglbsp.vcproj", "{3DC4FB0F-24B7-4051-9FAA-B2215CF73554}"
EndProject
Project("{8BC9CEB8-8B4A-11D0-8D11-00A0C91BC942}") = "libglvis", "libglvis.vcproj", "{0292D20B-0826-40E7-B713-A9B512505155}"
EndProject
Project("{8BC9CEB8-8B4A-11D0-8D11-00A0C91BC942}") = "timidity", "timidity.vcproj", "{A5E43684-5BC7-4DEE-965B-F2E20C360793}"
EndProject
Project("{8BC9CEB8-8B4A-11D0-8D11-00A0C91BC942}") = "vcc", "vcc.vcproj", "{2DB17B76-8B9F-4F30-A5FA-DC3FBC2E6768}"
EndProject
Project("{8BC9CEB8-8B4A-11D0-8D11-00A0C91BC942}") = "vlumpy", "vlumpy.vcproj", "{F65AC2B2-1632-4584-BDA1-DAC149FC9BDD}"
EndProject
Project("{8BC9CEB8-8B4A-11D0-8D11-00A0C91BC942}") = "acc", "acc.vcproj", "{023239F2-F1D1-43FB-9B2C-604727C13BC5}"
EndProject
Project("{8BC9CEB8-8B4A-11D0-8D11-00A0C91BC942}") = "progs_common", "progs_common.vcproj", "{EE79378F-9689-40B8-99F4-B0E5872A6337}"
	ProjectSection(ProjectDependencies) = postProject
		{2DB17B76-8B9F-4F30-A5FA-DC3FBC2E6768} = {2DB17B76-8B9F-4F30-A5FA-DC3FBC2E6768}
	EndProjectSection
EndProject
Project("{8BC9CEB8-8B4A-11D0-8D11-00A0C91BC942}") = "progs_doom", "progs_doom.vcproj", "{607F2422-5660-4D06-B604-C975A30E5CD5}"
	ProjectSection(ProjectDependencies) = postProject
		{2DB17B76-8B9F-4F30-A5FA-DC3FBC2E6768} = {2DB17B76-8B9F-4F30-A5FA-DC3FBC2E6768}
		{EE79378F-9689-40B8-99F4-B0E5872A6337} = {EE79378F-9689-40B8-99F4-B0E5872A6337}
	EndProjectSection
EndProject
Project("{8BC9CEB8-8B4A-11D0-8D11-00A0C91BC942}") = "progs_strife", "progs_strife.vcproj", "{1CD88557-1039-4B0C-9DF6-AB181E799536}"
	ProjectSection(ProjectDependencies) = postProject
		{2DB17B76-8B9F-4F30-A5FA-DC3FBC2E6768} = {2DB17B76-8B9F-4F30-A5FA-DC3FBC2E6768}
		{EE79378F-9689-40B8-99F4-B0E5872A6337} = {EE79378F-9689-40B8-99F4-B0E5872A6337}
	EndProjectSection
EndProject
Project("{8BC9CEB8-8B4A-11D0-8D11-00A0C91BC942}") = "progs_hexen", "progs_hexen.vcproj", "{DD00F5CF-9520-44D2-BDC4-45130B5024FA}"
	ProjectSection(ProjectDependencies) = postProject
		{EE79378F-9689-40B8-99F4-B0E5872A6337} = {EE79378F-9689-40B8-99F4-B0E5872A6337}
		{2DB17B76-8B9F-4F30-A5FA-DC3FBC2E6768} = {2DB17B76-8B9F-4F30-A5FA-DC3FBC2E6768}
	EndProjectSection
EndProject
Project("{8BC9CEB8-8B4A-11D0-8D11-00A0C91BC942}") = "progs_heretic", "progs_heretic.vcproj", "{AEDD4819-EE4F-4A94-9776-10C430A9D291}"
	ProjectSection(ProjectDependencies) = postProject
		{2DB17B76-8B9F-4F30-A5FA-DC3FBC2E6768} = {2DB17B76-8B9F-4F30-A5FA-DC3FBC2E6768}
		{EE79378F-9689-40B8-99F4-B0E5872A6337} = {EE79378F-9689-40B8-99F4-B0E5872A6337}
	EndProjectSection
EndProject
Project("{8BC9CEB8-8B4A-11D0-8D11-00A0C91BC942}") = "progs_doom2", "progs_doom2.vcproj", "{DC9BBFA1-6B89-44AA-ADDE-DBBBF3B2E533}"
	ProjectSection(ProjectDependencies) = postProject
		{EE79378F-9689-40B8-99F4-B0E5872A6337} = {EE79378F-9689-40B8-99F4-B0E5872A6337}
		{2DB17B76-8B9F-4F30-A5FA-DC3FBC2E6768} = {2DB17B76-8B9F-4F30-A5FA-DC3FBC2E6768}
	EndProjectSection
EndProject
Project("{8BC9CEB8-8B4A-11D0-8D11-00A0C91BC942}") = "vavoom-master", "vavoom-master.vcproj", "{6CE404BD-51D1-4DA4-BE5F-827226C6A1CD}"
EndProject
Global
	GlobalSection(SolutionConfigurationPlatforms) = preSolution
		Debug|Win32 = Debug|Win32
		Release|Win32 = Release|Win32
	EndGlobalSection
	GlobalSection(ProjectConfigurationPlatforms) = postSolution
		{D4D2D73F-1D39-4832-8FBC-FE49CF3F0833}.Debug|Win32.ActiveCfg = Debug|Win32
		{D4D2D73F-1D39-4832-8FBC-FE49CF3F0833}.Debug|Win32.Build.0 = Debug|Win32
		{D4D2D73F-1D39-4832-8FBC-FE49CF3F0833}.Release|Win32.ActiveCfg = Release|Win32
		{D4D2D73F-1D39-4832-8FBC-FE49CF3F0833}.Release|Win32.Build.0 = Release|Win32
		{3DC4FB0F-24B7-4051-9FAA-B2215CF73554}.Debug|Win32.ActiveCfg = Debug|Win32
		{3DC4FB0F-24B7-4051-9FAA-B2215CF73554}.Debug|Win32.Build.0 = Debug|Win32
		{3DC4FB0F-24B7-4051-9FAA-B2215CF73554}.Release|Win32.ActiveCfg = Release|Win32
		{3DC4FB0F-24B7-4051-9FAA-B2215CF73554}.Release|Win32.Build.0 = Release|Win32
		{0292D20B-0826-40E7-B713-A9B512505155}.Debug|Win32.ActiveCfg = Debug|Win32
		{0292D20B-0826-40E7-B713-A9B512505155}.Debug|Win32.Build.0 = Debug|Win32
		{0292D20B-0826-40E7-B713-A9B512505155}.Release|Win32.ActiveCfg = Release|Win32
		{0292D20B-0826-40E7-B713-A9B512505155}.Release|Win32.Build.0 = Release|Win32
		{A5E43684-5BC7-4DEE-965B-F2E20C360793}.Debug|Win32.ActiveCfg = Debug|Win32
		{A5E43684-5BC7-4DEE-965B-F2E20C360793}.Debug|Win32.Build.0 = Debug|Win32
		{A5E43684-5BC7-4DEE-965B-F2E20C360793}.Release|Win32.ActiveCfg = Release|Win32
		{A5E43684-5BC7-4DEE-965B-F2E20C360793}.Release|Win32.Build.0 = Release|Win32
		{2DB17B76-8B9F-4F30-A5FA-DC3FBC2E6768}.Debug|Win32.ActiveCfg = Debug|Win32
		{2DB17B76-8B9F-4F30-A5FA-DC3FBC2E6768}.Debug|Win32.Build.0 = Debug|Win32
		{2DB17B76-8B9F-4F30-A5FA-DC3FBC2E6768}.Release|Win32.ActiveCfg = Release|Win32
		{2DB17B76-8B9F-4F30-A5FA-DC3FBC2E6768}.Release|Win32.Build.0 = Release|Win32
		{F65AC2B2-1632-4584-BDA1-DAC149FC9BDD}.Debug|Win32.ActiveCfg = Debug|Win32
		{F65AC2B2-1632-4584-BDA1-DAC149FC9BDD}.Debug|Win32.Build.0 = Debug|Win32
		{F65AC2B2-1632-4584-BDA1-DAC149FC9BDD}.Release|Win32.ActiveCfg = Release|Win32
		{F65AC2B2-1632-4584-BDA1-DAC149FC9BDD}.Release|Win32.Build.0 = Release|Win32
		{023239F2-F1D1-43FB-9B2C-604727C13BC5}.Debug|Win32.ActiveCfg = Debug|Win32
		{023239F2-F1D1-43FB-9B2C-604727C13BC5}.Debug|Win32.Build.0 = Debug|Win32
		{023239F2-F1D1-43FB-9B2C-604727C13BC5}.Release|Win32.ActiveCfg = Release|Win32
		{023239F2-F1D1-43FB-9B2C-604727C13BC5}.Release|Win32.Build.0 = Release|Win32
		{EE79378F-9689-40B8-99F4-B0E5872A6337}.Debug|Win32.ActiveCfg = Debug|Win32
		{EE79378F-9689-40B8-99F4-B0E5872A6337}.Debug|Win32.Build.0 = Debug|Win32
		{EE79378F-9689-40B8-99F4-B0E5872A6337}.Release|Win32.ActiveCfg = Release|Win32
		{607F2422-5660-4D06-B604-C975A30E5CD5}.Debug|Win32.ActiveCfg = Debug|Win32
		{607F2422-5660-4D06-B604-C975A30E5CD5}.Debug|Win32.Build.0 = Debug|Win32
		{607F2422-5660-4D06-B604-C975A30E5CD5}.Release|Win32.ActiveCfg = Release|Win32
		{1CD88557-1039-4B0C-9DF6-AB181E799536}.Debug|Win32.ActiveCfg = Debug|Win32
		{1CD88557-1039-4B0C-9DF6-AB181E799536}.Debug|Win32.Build.0 = Debug|Win32
		{1CD88557-1039-4B0C-9DF6-AB181E799536}.Release|Win32.ActiveCfg = Release|Win32
		{DD00F5CF-9520-44D2-BDC4-45130B5024FA}.Debug|Win32.ActiveCfg = Debug|Win32
		{DD00F5CF-9520-44D2-BDC4-45130B5024FA}.Debug|Win32.Build.0 = Debug|Win32
		{DD00F5CF-9520-44D2-BDC4-45130B5024FA}.Release|Win32.ActiveCfg = Release|Win32
		{AEDD4819-EE4F-4A94-9776-10C430A9D291}.Debug|Win32.ActiveCfg = Debug|Win32
		{AEDD4819-EE4F-4A94-9776-10C430A9D291}.Debug|Win32.Build.0 = Debug|Win32
		{AEDD4819-EE4F-4A94-9776-10C430A9D291}.Release|Win32.ActiveCfg = Release|Win32
		{DC9BBFA1-6B89-44AA-ADDE-DBBBF3B2E533}.Debug|Win32.ActiveCfg = Debug|Win32
		{DC9BBFA1-6B89-44AA-ADDE-DBBBF3B2E533}.Debug|Win32.Build.0 = Debug|Win32
		{DC9BBFA1-6B89-44AA-ADDE-DBBBF3B2E533}.Release|Win32.ActiveCfg = Release|Win32
		{6CE404BD-51D1-4DA4-BE5F-827226C6A1CD}.Debug|Win32.ActiveCfg = Debug|Win32
		{6CE404BD-51D1-4DA4-BE5F-827226C6A1CD}.Debug|Win32.Build.0 = Debug|Win32
		{6CE404BD-51D1-4DA4-BE5F-827226C6A1CD}.Release|Win32.ActiveCfg = Release|Win32
		{6CE404BD-51D1-4DA4-BE5F-827226C6A1CD}.Release|Win32.Build.0 = Release|Win32
	EndGlobalSection
	GlobalSection(SolutionProperties) = preSolution
		HideSolutionNode = FALSE
	EndGlobalSection
EndGlobal
