<?xml version="1.0" encoding="utf-8"?>
<Project ToolsVersion="4.0" xmlns="http://schemas.microsoft.com/developer/msbuild/2003">
  <ItemGroup>
    <Filter Include="Source Files">
      <UniqueIdentifier>{60075ad1-1e09-4c2d-a0de-d9eb9f2bf80f}</UniqueIdentifier>
      <Extensions>cpp;c;cxx;rc;def;r;odl;idl;hpj;bat</Extensions>
    </Filter>
    <Filter Include="Header Files">
      <UniqueIdentifier>{d913d001-3ca0-4939-88a8-9689dd341e91}</UniqueIdentifier>
      <Extensions>h;hpp;hxx;hm;inl</Extensions>
    </Filter>
  </ItemGroup>
  <ItemGroup>
    <ClCompile Include="..\source\vc_class.cpp">
      <Filter>Source Files</Filter>
    </ClCompile>
    <ClCompile Include="..\source\vc_constant.cpp">
      <Filter>Source Files</Filter>
    </ClCompile>
    <ClCompile Include="..\source\vc_emit_context.cpp">
      <Filter>Source Files</Filter>
    </ClCompile>
    <ClCompile Include="..\source\vc_error.cpp">
      <Filter>Source Files</Filter>
    </ClCompile>
    <ClCompile Include="..\source\vc_expr_array.cpp">
      <Filter>Source Files</Filter>
    </ClCompile>
    <ClCompile Include="..\source\vc_expr_assign.cpp">
      <Filter>Source Files</Filter>
    </ClCompile>
    <ClCompile Include="..\source\vc_expr_base.cpp">
      <Filter>Source Files</Filter>
    </ClCompile>
    <ClCompile Include="..\source\vc_expr_cast.cpp">
      <Filter>Source Files</Filter>
    </ClCompile>
    <ClCompile Include="..\source\vc_expr_field.cpp">
      <Filter>Source Files</Filter>
    </ClCompile>
    <ClCompile Include="..\source\vc_expr_invoke.cpp">
      <Filter>Source Files</Filter>
    </ClCompile>
    <ClCompile Include="..\source\vc_expr_literal.cpp">
      <Filter>Source Files</Filter>
    </ClCompile>
    <ClCompile Include="..\source\vc_expr_local.cpp">
      <Filter>Source Files</Filter>
    </ClCompile>
    <ClCompile Include="..\source\vc_expr_misc.cpp">
      <Filter>Source Files</Filter>
    </ClCompile>
    <ClCompile Include="..\source\vc_expr_type.cpp">
      <Filter>Source Files</Filter>
    </ClCompile>
    <ClCompile Include="..\source\vc_expr_unary_binary.cpp">
      <Filter>Source Files</Filter>
    </ClCompile>
    <ClCompile Include="..\source\vc_field.cpp">
      <Filter>Source Files</Filter>
    </ClCompile>
    <ClCompile Include="..\source\vc_lexer.cpp">
      <Filter>Source Files</Filter>
    </ClCompile>
    <ClCompile Include="..\source\vc_location.cpp">
      <Filter>Source Files</Filter>
    </ClCompile>
    <ClCompile Include="..\source\vc_member.cpp">
      <Filter>Source Files</Filter>
    </ClCompile>
    <ClCompile Include="..\source\vc_method.cpp">
      <Filter>Source Files</Filter>
    </ClCompile>
    <ClCompile Include="..\source\vc_modifiers.cpp">
      <Filter>Source Files</Filter>
    </ClCompile>
    <ClCompile Include="..\source\vc_package.cpp">
      <Filter>Source Files</Filter>
    </ClCompile>
    <ClCompile Include="..\source\vc_parser.cpp">
      <Filter>Source Files</Filter>
    </ClCompile>
    <ClCompile Include="..\source\vc_property.cpp">
      <Filter>Source Files</Filter>
    </ClCompile>
    <ClCompile Include="..\source\vc_state.cpp">
      <Filter>Source Files</Filter>
    </ClCompile>
    <ClCompile Include="..\source\vc_statement.cpp">
      <Filter>Source Files</Filter>
    </ClCompile>
    <ClCompile Include="..\source\vc_struct.cpp">
      <Filter>Source Files</Filter>
    </ClCompile>
    <ClCompile Include="..\source\vc_type.cpp">
      <Filter>Source Files</Filter>
    </ClCompile>
    <ClCompile Include="..\utils\vcc\vcc.cpp">
      <Filter>Source Files</Filter>
    </ClCompile>
  </ItemGroup>
  <ItemGroup>
    <ClInclude Include="..\source\array.h">
      <Filter>Header Files</Filter>
    </ClInclude>
    <ClInclude Include="..\source\common.h">
      <Filter>Header Files</Filter>
    </ClInclude>
    <ClInclude Include="..\source\crc.h">
      <Filter>Header Files</Filter>
    </ClInclude>
    <ClInclude Include="..\source\name.h">
      <Filter>Header Files</Filter>
    </ClInclude>
    <ClInclude Include="..\source\names.h">
      <Filter>Header Files</Filter>
    </ClInclude>
    <ClInclude Include="..\source\str.h">
      <Filter>Header Files</Filter>
    </ClInclude>
    <ClInclude Include="..\source\stream.h">
      <Filter>Header Files</Filter>
    </ClInclude>
    <ClInclude Include="..\source\vc_class.h">
      <Filter>Header Files</Filter>
    </ClInclude>
    <ClInclude Include="..\source\vc_constant.h">
      <Filter>Header Files</Filter>
    </ClInclude>
    <ClInclude Include="..\source\vc_emit_context.h">
      <Filter>Header Files</Filter>
    </ClInclude>
    <ClInclude Include="..\source\vc_error.h">
      <Filter>Header Files</Filter>
    </ClInclude>
    <ClInclude Include="..\source\vc_expr_array.h">
      <Filter>Header Files</Filter>
    </ClInclude>
    <ClInclude Include="..\source\vc_expr_assign.h">
      <Filter>Header Files</Filter>
    </ClInclude>
    <ClInclude Include="..\source\vc_expr_base.h">
      <Filter>Header Files</Filter>
    </ClInclude>
    <ClInclude Include="..\source\vc_expr_cast.h">
      <Filter>Header Files</Filter>
    </ClInclude>
    <ClInclude Include="..\source\vc_expr_field.h">
      <Filter>Header Files</Filter>
    </ClInclude>
    <ClInclude Include="..\source\vc_expr_invoke.h">
      <Filter>Header Files</Filter>
    </ClInclude>
    <ClInclude Include="..\source\vc_expr_literal.h">
      <Filter>Header Files</Filter>
    </ClInclude>
    <ClInclude Include="..\source\vc_expr_local.h">
      <Filter>Header Files</Filter>
    </ClInclude>
    <ClInclude Include="..\source\vc_expr_misc.h">
      <Filter>Header Files</Filter>
    </ClInclude>
    <ClInclude Include="..\source\vc_expr_type.h">
      <Filter>Header Files</Filter>
    </ClInclude>
    <ClInclude Include="..\source\vc_expr_unary_binary.h">
      <Filter>Header Files</Filter>
    </ClInclude>
    <ClInclude Include="..\source\vc_field.h">
      <Filter>Header Files</Filter>
    </ClInclude>
    <ClInclude Include="..\source\vc_lexer.h">
      <Filter>Header Files</Filter>
    </ClInclude>
    <ClInclude Include="..\source\vc_location.h">
      <Filter>Header Files</Filter>
    </ClInclude>
    <ClInclude Include="..\source\vc_member.h">
      <Filter>Header Files</Filter>
    </ClInclude>
    <ClInclude Include="..\source\vc_method.h">
      <Filter>Header Files</Filter>
    </ClInclude>
    <ClInclude Include="..\source\vc_modifiers.h">
      <Filter>Header Files</Filter>
    </ClInclude>
    <ClInclude Include="..\source\vc_package.h">
      <Filter>Header Files</Filter>
    </ClInclude>
    <ClInclude Include="..\source\vc_parser.h">
      <Filter>Header Files</Filter>
    </ClInclude>
    <ClInclude Include="..\source\vc_property.h">
      <Filter>Header Files</Filter>
    </ClInclude>
    <ClInclude Include="..\source\vc_state.h">
      <Filter>Header Files</Filter>
    </ClInclude>
    <ClInclude Include="..\source\vc_statement.h">
      <Filter>Header Files</Filter>
    </ClInclude>
    <ClInclude Include="..\source\vc_struct.h">
      <Filter>Header Files</Filter>
    </ClInclude>
    <ClInclude Include="..\source\vc_type.h">
      <Filter>Header Files</Filter>
    </ClInclude>
    <ClInclude Include="..\utils\vcc\vcc.h">
      <Filter>Header Files</Filter>
    </ClInclude>
  </ItemGroup>
</Project>